
Microsoft Visual Studio Solution File, Format Version 12.00
# Visual Studio Version 17
VisualStudioVersion = 17.6.33815.320
MinimumVisualStudioVersion = 10.0.40219.1
Project("{9A19103F-16F7-4668-BE54-9A1E7A4F7556}") = "RouteMasterFrontend", "RouteMasterFrontend\RouteMasterFrontend.csproj", "{C39527BC-5950-4FE0-8757-159D66A966EB}"
EndProject
Project("{9A19103F-16F7-4668-BE54-9A1E7A4F7556}") = "RouteMasterBackend", "RouteMasterBackend\RouteMasterBackend.csproj", "{12103C10-55B7-4E5A-B239-461120646FBE}"
EndProject
Project("{2150E333-8FDC-42A3-9474-1A3956D46DE8}") = "方案項目", "方案項目", "{43DA6DCC-AC3B-4E8A-813C-9BFCB8499BDE}"
	ProjectSection(SolutionItems) = preProject
		ReadMe10.txt = ReadMe10.txt
		ReadMeCalendar.txt = ReadMeCalendar.txt
		ReadMeOrderCart.txt = ReadMeOrderCart.txt
	EndProjectSection
EndProject
Global
	GlobalSection(SolutionConfigurationPlatforms) = preSolution
		Debug|Any CPU = Debug|Any CPU
		Release|Any CPU = Release|Any CPU
	EndGlobalSection
	GlobalSection(ProjectConfigurationPlatforms) = postSolution
		{C39527BC-5950-4FE0-8757-159D66A966EB}.Debug|Any CPU.ActiveCfg = Debug|Any CPU
		{C39527BC-5950-4FE0-8757-159D66A966EB}.Debug|Any CPU.Build.0 = Debug|Any CPU
		{C39527BC-5950-4FE0-8757-159D66A966EB}.Release|Any CPU.ActiveCfg = Release|Any CPU
		{C39527BC-5950-4FE0-8757-159D66A966EB}.Release|Any CPU.Build.0 = Release|Any CPU
		{12103C10-55B7-4E5A-B239-461120646FBE}.Debug|Any CPU.ActiveCfg = Debug|Any CPU
		{12103C10-55B7-4E5A-B239-461120646FBE}.Debug|Any CPU.Build.0 = Debug|Any CPU
		{12103C10-55B7-4E5A-B239-461120646FBE}.Release|Any CPU.ActiveCfg = Release|Any CPU
		{12103C10-55B7-4E5A-B239-461120646FBE}.Release|Any CPU.Build.0 = Release|Any CPU
	EndGlobalSection
	GlobalSection(SolutionProperties) = preSolution
		HideSolutionNode = FALSE
	EndGlobalSection
	GlobalSection(ExtensibilityGlobals) = postSolution
		SolutionGuid = {0E0BA276-B1A9-4EA0-9A1A-B284C81CEF96}
	EndGlobalSection
EndGlobal
